
Microsoft Visual Studio Solution File, Format Version 12.00
# Visual Studio Version 16
VisualStudioVersion = 16.0.30320.27
MinimumVisualStudioVersion = 10.0.40219.1
Project("{FAE04EC0-301F-11D3-BF4B-00C04F79EFBC}") = "AbstractFactory", "DesignPatternsSolution\AbstractFactory\AbstractFactory.csproj", "{816AFBA5-677C-4127-B7CC-DE2999666796}"
EndProject
Project("{FAE04EC0-301F-11D3-BF4B-00C04F79EFBC}") = "BuilderPattern", "DesignPatternsSolution\BuilderPattern\BuilderPattern.csproj", "{0457FA8D-683F-41E4-A16D-BFC8C7F5C18A}"
EndProject
Project("{FAE04EC0-301F-11D3-BF4B-00C04F79EFBC}") = "FactoryMethod", "DesignPatternsSolution\FactoryMethod\FactoryMethod.csproj", "{9EA48F86-6AF3-4DF3-BB7D-2D0543555EC9}"
EndProject
Project("{FAE04EC0-301F-11D3-BF4B-00C04F79EFBC}") = "Prototype", "DesignPatternsSolution\Prototype\Prototype.csproj", "{7B454E22-BDB7-4BD7-B347-5B35C0DC0C41}"
EndProject
Project("{FAE04EC0-301F-11D3-BF4B-00C04F79EFBC}") = "Singleton", "DesignPatternsSolution\Singleton\Singleton.csproj", "{55478A06-F02D-443E-BB84-499863857EAD}"
EndProject
Project("{FAE04EC0-301F-11D3-BF4B-00C04F79EFBC}") = "Adapter", "DesignPatternsSolution\Adapter\Adapter.csproj", "{1547B40B-4150-421D-91D4-FA2BB65C2782}"
EndProject
Project("{FAE04EC0-301F-11D3-BF4B-00C04F79EFBC}") = "Bridge", "DesignPatternsSolution\Bridge\Bridge.csproj", "{1C3B272A-D75A-472F-A090-DAE34E4379D9}"
EndProject
Project("{FAE04EC0-301F-11D3-BF4B-00C04F79EFBC}") = "Composite", "DesignPatternsSolution\Composite\Composite.csproj", "{3BDD9A69-7727-4683-927D-C8B938B790D6}"
EndProject
Project("{FAE04EC0-301F-11D3-BF4B-00C04F79EFBC}") = "Decorator", "DesignPatternsSolution\Decorator\Decorator.csproj", "{CC94242C-057D-40F6-B743-B28D70572D16}"
EndProject
Project("{FAE04EC0-301F-11D3-BF4B-00C04F79EFBC}") = "Facade", "DesignPatternsSolution\Facade\Facade.csproj", "{B5E33971-7BB6-42BB-B211-B16F28AC30E8}"
EndProject
Project("{FAE04EC0-301F-11D3-BF4B-00C04F79EFBC}") = "flyweight", "DesignPatternsSolution\flyweight\flyweight.csproj", "{7A55CA89-31B5-464F-8BBF-E396F702169D}"
EndProject
Project("{FAE04EC0-301F-11D3-BF4B-00C04F79EFBC}") = "Proxy", "DesignPatternsSolution\Proxy\Proxy.csproj", "{ACE35C6B-3729-40FD-957F-8FE8A8F92DAD}"
EndProject
Project("{FAE04EC0-301F-11D3-BF4B-00C04F79EFBC}") = "ChainOfResponsability", "DesignPatternsSolution\ChainOfResponsability\ChainOfResponsability.csproj", "{E0138693-F34B-44C0-BFA4-98D487673BF7}"
EndProject
Project("{FAE04EC0-301F-11D3-BF4B-00C04F79EFBC}") = "Command", "DesignPatternsSolution\Command\Command.csproj", "{68B885FE-EA10-4A2B-9DAF-ADD33C883C2F}"
EndProject
Project("{FAE04EC0-301F-11D3-BF4B-00C04F79EFBC}") = "Interpreter", "DesignPatternsSolution\Interpreter\Interpreter.csproj", "{0E7F7A09-B6C6-4980-9659-ECD2C3878281}"
EndProject
Project("{FAE04EC0-301F-11D3-BF4B-00C04F79EFBC}") = "Interator", "DesignPatternsSolution\Interator\Interator.csproj", "{CD5C8F15-B8B2-4782-B71E-3D245D73C504}"
EndProject
Project("{FAE04EC0-301F-11D3-BF4B-00C04F79EFBC}") = "Mediator", "DesignPatternsSolution\Mediator\Mediator.csproj", "{5931FB68-B8EF-4846-B69E-69AED1AD286F}"
EndProject
Project("{FAE04EC0-301F-11D3-BF4B-00C04F79EFBC}") = "Memento.cs", "DesignPatternsSolution\Memento.cs\Memento.cs.csproj", "{25C58A98-D98A-4025-8E05-68A450AC4575}"
EndProject
Project("{FAE04EC0-301F-11D3-BF4B-00C04F79EFBC}") = "Observer", "DesignPatternsSolution\Observer\Observer.csproj", "{79BCBD42-B70E-4C47-B50A-5A8304561928}"
EndProject
Project("{FAE04EC0-301F-11D3-BF4B-00C04F79EFBC}") = "State", "DesignPatternsSolution\State\State.csproj", "{5A595CF6-8AB1-4636-93E3-38D1CCC1576A}"
EndProject
Project("{FAE04EC0-301F-11D3-BF4B-00C04F79EFBC}") = "Strategy", "DesignPatternsSolution\Strategy\Strategy.csproj", "{7167F17A-A738-49AF-BBCC-636A5BBF82FD}"
EndProject
Project("{FAE04EC0-301F-11D3-BF4B-00C04F79EFBC}") = "Template", "DesignPatternsSolution\Template\Template.csproj", "{990C8289-C6F1-4D84-AD0F-B3BCB722DC38}"
EndProject
Project("{FAE04EC0-301F-11D3-BF4B-00C04F79EFBC}") = "Visitor", "DesignPatternsSolution\Visitor\Visitor.csproj", "{6C5DFC76-E91D-41EF-8322-F667B5415128}"
EndProject
Global
	GlobalSection(SolutionConfigurationPlatforms) = preSolution
		Debug|Any CPU = Debug|Any CPU
		Release|Any CPU = Release|Any CPU
	EndGlobalSection
	GlobalSection(ProjectConfigurationPlatforms) = postSolution
		{0457FA8D-683F-41E4-A16D-BFC8C7F5C18A}.Debug|Any CPU.ActiveCfg = Debug|Any CPU
		{0457FA8D-683F-41E4-A16D-BFC8C7F5C18A}.Debug|Any CPU.Build.0 = Debug|Any CPU
		{0457FA8D-683F-41E4-A16D-BFC8C7F5C18A}.Release|Any CPU.ActiveCfg = Release|Any CPU
		{0457FA8D-683F-41E4-A16D-BFC8C7F5C18A}.Release|Any CPU.Build.0 = Release|Any CPU
		{9EA48F86-6AF3-4DF3-BB7D-2D0543555EC9}.Debug|Any CPU.ActiveCfg = Debug|Any CPU
		{9EA48F86-6AF3-4DF3-BB7D-2D0543555EC9}.Debug|Any CPU.Build.0 = Debug|Any CPU
		{9EA48F86-6AF3-4DF3-BB7D-2D0543555EC9}.Release|Any CPU.ActiveCfg = Release|Any CPU
		{9EA48F86-6AF3-4DF3-BB7D-2D0543555EC9}.Release|Any CPU.Build.0 = Release|Any CPU
		{7B454E22-BDB7-4BD7-B347-5B35C0DC0C41}.Debug|Any CPU.ActiveCfg = Debug|Any CPU
		{7B454E22-BDB7-4BD7-B347-5B35C0DC0C41}.Debug|Any CPU.Build.0 = Debug|Any CPU
		{7B454E22-BDB7-4BD7-B347-5B35C0DC0C41}.Release|Any CPU.ActiveCfg = Release|Any CPU
		{7B454E22-BDB7-4BD7-B347-5B35C0DC0C41}.Release|Any CPU.Build.0 = Release|Any CPU
		{55478A06-F02D-443E-BB84-499863857EAD}.Debug|Any CPU.ActiveCfg = Debug|Any CPU
		{55478A06-F02D-443E-BB84-499863857EAD}.Debug|Any CPU.Build.0 = Debug|Any CPU
		{55478A06-F02D-443E-BB84-499863857EAD}.Release|Any CPU.ActiveCfg = Release|Any CPU
		{55478A06-F02D-443E-BB84-499863857EAD}.Release|Any CPU.Build.0 = Release|Any CPU
		{1547B40B-4150-421D-91D4-FA2BB65C2782}.Debug|Any CPU.ActiveCfg = Debug|Any CPU
		{1547B40B-4150-421D-91D4-FA2BB65C2782}.Debug|Any CPU.Build.0 = Debug|Any CPU
		{1547B40B-4150-421D-91D4-FA2BB65C2782}.Release|Any CPU.ActiveCfg = Release|Any CPU
		{1547B40B-4150-421D-91D4-FA2BB65C2782}.Release|Any CPU.Build.0 = Release|Any CPU
		{1C3B272A-D75A-472F-A090-DAE34E4379D9}.Debug|Any CPU.ActiveCfg = Debug|Any CPU
		{1C3B272A-D75A-472F-A090-DAE34E4379D9}.Debug|Any CPU.Build.0 = Debug|Any CPU
		{1C3B272A-D75A-472F-A090-DAE34E4379D9}.Release|Any CPU.ActiveCfg = Release|Any CPU
		{1C3B272A-D75A-472F-A090-DAE34E4379D9}.Release|Any CPU.Build.0 = Release|Any CPU
		{3BDD9A69-7727-4683-927D-C8B938B790D6}.Debug|Any CPU.ActiveCfg = Debug|Any CPU
		{3BDD9A69-7727-4683-927D-C8B938B790D6}.Debug|Any CPU.Build.0 = Debug|Any CPU
		{3BDD9A69-7727-4683-927D-C8B938B790D6}.Release|Any CPU.ActiveCfg = Release|Any CPU
		{3BDD9A69-7727-4683-927D-C8B938B790D6}.Release|Any CPU.Build.0 = Release|Any CPU
		{CC94242C-057D-40F6-B743-B28D70572D16}.Debug|Any CPU.ActiveCfg = Debug|Any CPU
		{CC94242C-057D-40F6-B743-B28D70572D16}.Debug|Any CPU.Build.0 = Debug|Any CPU
		{CC94242C-057D-40F6-B743-B28D70572D16}.Release|Any CPU.ActiveCfg = Release|Any CPU
		{CC94242C-057D-40F6-B743-B28D70572D16}.Release|Any CPU.Build.0 = Release|Any CPU
		{B5E33971-7BB6-42BB-B211-B16F28AC30E8}.Debug|Any CPU.ActiveCfg = Debug|Any CPU
		{B5E33971-7BB6-42BB-B211-B16F28AC30E8}.Debug|Any CPU.Build.0 = Debug|Any CPU
		{B5E33971-7BB6-42BB-B211-B16F28AC30E8}.Release|Any CPU.ActiveCfg = Release|Any CPU
		{B5E33971-7BB6-42BB-B211-B16F28AC30E8}.Release|Any CPU.Build.0 = Release|Any CPU
		{7A55CA89-31B5-464F-8BBF-E396F702169D}.Debug|Any CPU.ActiveCfg = Debug|Any CPU
		{7A55CA89-31B5-464F-8BBF-E396F702169D}.Debug|Any CPU.Build.0 = Debug|Any CPU
		{7A55CA89-31B5-464F-8BBF-E396F702169D}.Release|Any CPU.ActiveCfg = Release|Any CPU
		{7A55CA89-31B5-464F-8BBF-E396F702169D}.Release|Any CPU.Build.0 = Release|Any CPU
		{ACE35C6B-3729-40FD-957F-8FE8A8F92DAD}.Debug|Any CPU.ActiveCfg = Debug|Any CPU
		{ACE35C6B-3729-40FD-957F-8FE8A8F92DAD}.Debug|Any CPU.Build.0 = Debug|Any CPU
		{ACE35C6B-3729-40FD-957F-8FE8A8F92DAD}.Release|Any CPU.ActiveCfg = Release|Any CPU
		{ACE35C6B-3729-40FD-957F-8FE8A8F92DAD}.Release|Any CPU.Build.0 = Release|Any CPU
		{E0138693-F34B-44C0-BFA4-98D487673BF7}.Debug|Any CPU.ActiveCfg = Debug|Any CPU
		{E0138693-F34B-44C0-BFA4-98D487673BF7}.Debug|Any CPU.Build.0 = Debug|Any CPU
		{E0138693-F34B-44C0-BFA4-98D487673BF7}.Release|Any CPU.ActiveCfg = Release|Any CPU
		{E0138693-F34B-44C0-BFA4-98D487673BF7}.Release|Any CPU.Build.0 = Release|Any CPU
		{68B885FE-EA10-4A2B-9DAF-ADD33C883C2F}.Debug|Any CPU.ActiveCfg = Debug|Any CPU
		{68B885FE-EA10-4A2B-9DAF-ADD33C883C2F}.Debug|Any CPU.Build.0 = Debug|Any CPU
		{68B885FE-EA10-4A2B-9DAF-ADD33C883C2F}.Release|Any CPU.ActiveCfg = Release|Any CPU
		{68B885FE-EA10-4A2B-9DAF-ADD33C883C2F}.Release|Any CPU.Build.0 = Release|Any CPU
		{0E7F7A09-B6C6-4980-9659-ECD2C3878281}.Debug|Any CPU.ActiveCfg = Debug|Any CPU
		{0E7F7A09-B6C6-4980-9659-ECD2C3878281}.Debug|Any CPU.Build.0 = Debug|Any CPU
		{0E7F7A09-B6C6-4980-9659-ECD2C3878281}.Release|Any CPU.ActiveCfg = Release|Any CPU
		{0E7F7A09-B6C6-4980-9659-ECD2C3878281}.Release|Any CPU.Build.0 = Release|Any CPU
		{CD5C8F15-B8B2-4782-B71E-3D245D73C504}.Debug|Any CPU.ActiveCfg = Debug|Any CPU
		{CD5C8F15-B8B2-4782-B71E-3D245D73C504}.Debug|Any CPU.Build.0 = Debug|Any CPU
		{CD5C8F15-B8B2-4782-B71E-3D245D73C504}.Release|Any CPU.ActiveCfg = Release|Any CPU
		{CD5C8F15-B8B2-4782-B71E-3D245D73C504}.Release|Any CPU.Build.0 = Release|Any CPU
		{5931FB68-B8EF-4846-B69E-69AED1AD286F}.Debug|Any CPU.ActiveCfg = Debug|Any CPU
		{5931FB68-B8EF-4846-B69E-69AED1AD286F}.Debug|Any CPU.Build.0 = Debug|Any CPU
		{5931FB68-B8EF-4846-B69E-69AED1AD286F}.Release|Any CPU.ActiveCfg = Release|Any CPU
		{5931FB68-B8EF-4846-B69E-69AED1AD286F}.Release|Any CPU.Build.0 = Release|Any CPU
		{25C58A98-D98A-4025-8E05-68A450AC4575}.Debug|Any CPU.ActiveCfg = Debug|Any CPU
		{25C58A98-D98A-4025-8E05-68A450AC4575}.Debug|Any CPU.Build.0 = Debug|Any CPU
		{25C58A98-D98A-4025-8E05-68A450AC4575}.Release|Any CPU.ActiveCfg = Release|Any CPU
		{25C58A98-D98A-4025-8E05-68A450AC4575}.Release|Any CPU.Build.0 = Release|Any CPU
		{79BCBD42-B70E-4C47-B50A-5A8304561928}.Debug|Any CPU.ActiveCfg = Debug|Any CPU
		{79BCBD42-B70E-4C47-B50A-5A8304561928}.Debug|Any CPU.Build.0 = Debug|Any CPU
		{79BCBD42-B70E-4C47-B50A-5A8304561928}.Release|Any CPU.ActiveCfg = Release|Any CPU
		{79BCBD42-B70E-4C47-B50A-5A8304561928}.Release|Any CPU.Build.0 = Release|Any CPU
		{5A595CF6-8AB1-4636-93E3-38D1CCC1576A}.Debug|Any CPU.ActiveCfg = Debug|Any CPU
		{5A595CF6-8AB1-4636-93E3-38D1CCC1576A}.Debug|Any CPU.Build.0 = Debug|Any CPU
		{5A595CF6-8AB1-4636-93E3-38D1CCC1576A}.Release|Any CPU.ActiveCfg = Release|Any CPU
		{5A595CF6-8AB1-4636-93E3-38D1CCC1576A}.Release|Any CPU.Build.0 = Release|Any CPU
		{7167F17A-A738-49AF-BBCC-636A5BBF82FD}.Debug|Any CPU.ActiveCfg = Debug|Any CPU
		{7167F17A-A738-49AF-BBCC-636A5BBF82FD}.Debug|Any CPU.Build.0 = Debug|Any CPU
		{7167F17A-A738-49AF-BBCC-636A5BBF82FD}.Release|Any CPU.ActiveCfg = Release|Any CPU
		{7167F17A-A738-49AF-BBCC-636A5BBF82FD}.Release|Any CPU.Build.0 = Release|Any CPU
		{990C8289-C6F1-4D84-AD0F-B3BCB722DC38}.Debug|Any CPU.ActiveCfg = Debug|Any CPU
		{990C8289-C6F1-4D84-AD0F-B3BCB722DC38}.Debug|Any CPU.Build.0 = Debug|Any CPU
		{990C8289-C6F1-4D84-AD0F-B3BCB722DC38}.Release|Any CPU.ActiveCfg = Release|Any CPU
		{990C8289-C6F1-4D84-AD0F-B3BCB722DC38}.Release|Any CPU.Build.0 = Release|Any CPU
		{6C5DFC76-E91D-41EF-8322-F667B5415128}.Debug|Any CPU.ActiveCfg = Debug|Any CPU
		{6C5DFC76-E91D-41EF-8322-F667B5415128}.Debug|Any CPU.Build.0 = Debug|Any CPU
		{6C5DFC76-E91D-41EF-8322-F667B5415128}.Release|Any CPU.ActiveCfg = Release|Any CPU
		{6C5DFC76-E91D-41EF-8322-F667B5415128}.Release|Any CPU.Build.0 = Release|Any CPU
		{816AFBA5-677C-4127-B7CC-DE2999666796}.Debug|Any CPU.ActiveCfg = Debug|Any CPU
		{816AFBA5-677C-4127-B7CC-DE2999666796}.Debug|Any CPU.Build.0 = Debug|Any CPU
		{816AFBA5-677C-4127-B7CC-DE2999666796}.Release|Any CPU.ActiveCfg = Release|Any CPU
		{816AFBA5-677C-4127-B7CC-DE2999666796}.Release|Any CPU.Build.0 = Release|Any CPU
	EndGlobalSection
	GlobalSection(SolutionProperties) = preSolution
		HideSolutionNode = FALSE
	EndGlobalSection
	GlobalSection(ExtensibilityGlobals) = postSolution
		SolutionGuid = {DC72D3B5-B075-4770-87D3-9ADD893474D3}
	EndGlobalSection
EndGlobal
